
Microsoft Visual Studio Solution File, Format Version 12.00
# Visual Studio Version 17
VisualStudioVersion = 17.12.35527.113 d17.12
MinimumVisualStudioVersion = 10.0.40219.1
Project("{FAE04EC0-301F-11D3-BF4B-00C04F79EFBC}") = "ProjetoControledeComputadores", "Projeto Controle de Computadores\ProjetoControledeComputadores.csproj", "{265CDC7B-68C0-4A9B-8C45-1BA221F104E7}"
EndProject
Project("{2150E333-8FDC-42A3-9474-1A3956D46DE8}") = "Itens de Solução", "Itens de Solução", "{DB8827E6-23BE-4098-B471-F39CE75B4212}"
EndProject
Global
	GlobalSection(SolutionConfigurationPlatforms) = preSolution
		Debug|Any CPU = Debug|Any CPU
		Release|Any CPU = Release|Any CPU
	EndGlobalSection
	GlobalSection(ProjectConfigurationPlatforms) = postSolution
		{265CDC7B-68C0-4A9B-8C45-1BA221F104E7}.Debug|Any CPU.ActiveCfg = Debug|Any CPU
		{265CDC7B-68C0-4A9B-8C45-1BA221F104E7}.Debug|Any CPU.Build.0 = Debug|Any CPU
		{265CDC7B-68C0-4A9B-8C45-1BA221F104E7}.Release|Any CPU.ActiveCfg = Release|Any CPU
		{265CDC7B-68C0-4A9B-8C45-1BA221F104E7}.Release|Any CPU.Build.0 = Release|Any CPU
	EndGlobalSection
	GlobalSection(SolutionProperties) = preSolution
		HideSolutionNode = FALSE
	EndGlobalSection
EndGlobal
